
Microsoft Visual Studio Solution File, Format Version 12.00
# Visual Studio Version 17
VisualStudioVersion = 17.4.33205.214
MinimumVisualStudioVersion = 10.0.40219.1
Project("{FAE04EC0-301F-11D3-BF4B-00C04F79EFBC}") = "Online Movie Catalogue", "Online Movie Catalogue\Online Movie Catalogue.csproj", "{D8E05AEE-ACE8-430F-A6FF-F5BAAEDEDF23}"
EndProject
Global
	GlobalSection(SolutionConfigurationPlatforms) = preSolution
		Debug|Any CPU = Debug|Any CPU
		Release|Any CPU = Release|Any CPU
	EndGlobalSection
	GlobalSection(ProjectConfigurationPlatforms) = postSolution
		{D8E05AEE-ACE8-430F-A6FF-F5BAAEDEDF23}.Debug|Any CPU.ActiveCfg = Debug|Any CPU
		{D8E05AEE-ACE8-430F-A6FF-F5BAAEDEDF23}.Debug|Any CPU.Build.0 = Debug|Any CPU
		{D8E05AEE-ACE8-430F-A6FF-F5BAAEDEDF23}.Release|Any CPU.ActiveCfg = Release|Any CPU
		{D8E05AEE-ACE8-430F-A6FF-F5BAAEDEDF23}.Release|Any CPU.Build.0 = Release|Any CPU
	EndGlobalSection
	GlobalSection(SolutionProperties) = preSolution
		HideSolutionNode = FALSE
	EndGlobalSection
	GlobalSection(ExtensibilityGlobals) = postSolution
		SolutionGuid = {411E562C-08A6-4F7F-89D3-807588FE72D0}
	EndGlobalSection
EndGlobal
